
Microsoft Visual Studio Solution File, Format Version 12.00
# Visual Studio 15
VisualStudioVersion = 15.0.27428.2015
MinimumVisualStudioVersion = 10.0.40219.1
Project("{FAE04EC0-301F-11D3-BF4B-00C04F79EFBC}") = "ClinicManager", "ClinicManager\ClinicManager.csproj", "{E9DDAF6A-2CEB-4D66-9184-74F35AFE0FE3}"
EndProject
Global
	GlobalSection(SolutionConfigurationPlatforms) = preSolution
		Debug|Any CPU = Debug|Any CPU
		Release|Any CPU = Release|Any CPU
	EndGlobalSection
	GlobalSection(ProjectConfigurationPlatforms) = postSolution
		{E9DDAF6A-2CEB-4D66-9184-74F35AFE0FE3}.Debug|Any CPU.ActiveCfg = Debug|Any CPU
		{E9DDAF6A-2CEB-4D66-9184-74F35AFE0FE3}.Debug|Any CPU.Build.0 = Debug|Any CPU
		{E9DDAF6A-2CEB-4D66-9184-74F35AFE0FE3}.Release|Any CPU.ActiveCfg = Release|Any CPU
		{E9DDAF6A-2CEB-4D66-9184-74F35AFE0FE3}.Release|Any CPU.Build.0 = Release|Any CPU
	EndGlobalSection
	GlobalSection(SolutionProperties) = preSolution
		HideSolutionNode = FALSE
	EndGlobalSection
	GlobalSection(ExtensibilityGlobals) = postSolution
		SolutionGuid = {042A755A-68CE-484C-89EC-E438A0A2D47B}
	EndGlobalSection
EndGlobal
